
Microsoft Visual Studio Solution File, Format Version 12.00
# Visual Studio Version 17
VisualStudioVersion = 17.7.34221.43
MinimumVisualStudioVersion = 10.0.40219.1
Project("{FAE04EC0-301F-11D3-BF4B-00C04F79EFBC}") = "WebApplication4", "WebApplication4\WebApplication4.csproj", "{96AECEF7-DBE3-43A3-90C0-A9AC616693CD}"
EndProject
Global
	GlobalSection(SolutionConfigurationPlatforms) = preSolution
		Debug|Any CPU = Debug|Any CPU
		Release|Any CPU = Release|Any CPU
	EndGlobalSection
	GlobalSection(ProjectConfigurationPlatforms) = postSolution
		{96AECEF7-DBE3-43A3-90C0-A9AC616693CD}.Debug|Any CPU.ActiveCfg = Debug|Any CPU
		{96AECEF7-DBE3-43A3-90C0-A9AC616693CD}.Debug|Any CPU.Build.0 = Debug|Any CPU
		{96AECEF7-DBE3-43A3-90C0-A9AC616693CD}.Release|Any CPU.ActiveCfg = Release|Any CPU
		{96AECEF7-DBE3-43A3-90C0-A9AC616693CD}.Release|Any CPU.Build.0 = Release|Any CPU
	EndGlobalSection
	GlobalSection(SolutionProperties) = preSolution
		HideSolutionNode = FALSE
	EndGlobalSection
	GlobalSection(ExtensibilityGlobals) = postSolution
		SolutionGuid = {6B8AF624-8A32-4CC4-96DA-62215B912D0A}
	EndGlobalSection
EndGlobal
